github.com/matryer/is v1.2.0 h1:92UTHpy8CDwaJ08GqLDzhhuixiBUUD1p3AU6PHddz4A=
github.com/matryer/is v1.2.0/go.mod h1:2fLPjFQM9rhQ15aVEtbuwhJinnOqrmgXPNdZsdwlWXA=
github.com/taybart/log v1.0.6 h1:0C+0Sym9OuD2QCT0HtZu+MvmAjIOFY529Jrw+qEzl0w=
github.com/taybart/log v1.0.6/go.mod h1:bLpgJt6GrTPJNabumQPcFTaYJnGwj7mSMs/OQwTDAdE=
